// !$*UTF8*$!
{
	archiveVersion = 1;
	classes = {
	};
	objectVersion = 50;
	objects = {

/* Begin PBXBuildFile section */
		B35438282350EFF900D3BB47 /* FocusSquare.swift in Sources */ = {isa = PBXBuildFile; fileRef = B35438272350EFF900D3BB47 /* FocusSquare.swift */; };
		B354382A2350F07700D3BB47 /* FocusSquareSegment.swift in Sources */ = {isa = PBXBuildFile; fileRef = B35438292350F07700D3BB47 /* FocusSquareSegment.swift */; };
		B366DBC8234D257B00563D74 /* AppDelegate.swift in Sources */ = {isa = PBXBuildFile; fileRef = B366DBC7234D257B00563D74 /* AppDelegate.swift */; };
		B366DBCA234D257B00563D74 /* art.scnassets in Resources */ = {isa = PBXBuildFile; fileRef = B366DBC9234D257B00563D74 /* art.scnassets */; };
		B366DBCC234D257B00563D74 /* ARViewController.swift in Sources */ = {isa = PBXBuildFile; fileRef = B366DBCB234D257B00563D74 /* ARViewController.swift */; };
		B366DBCF234D257B00563D74 /* Main.storyboard in Resources */ = {isa = PBXBuildFile; fileRef = B366DBCD234D257B00563D74 /* Main.storyboard */; };
		B366DBD1234D257C00563D74 /* Assets.xcassets in Resources */ = {isa = PBXBuildFile; fileRef = B366DBD0234D257C00563D74 /* Assets.xcassets */; };
		B366DBD4234D257C00563D74 /* LaunchScreen.storyboard in Resources */ = {isa = PBXBuildFile; fileRef = B366DBD2234D257C00563D74 /* LaunchScreen.storyboard */; };
		B366DBE0234D282000563D74 /* UIButtonX.swift in Sources */ = {isa = PBXBuildFile; fileRef = B366DBDC234D282000563D74 /* UIButtonX.swift */; };
		B366DBE1234D282000563D74 /* UILabelX.swift in Sources */ = {isa = PBXBuildFile; fileRef = B366DBDD234D282000563D74 /* UILabelX.swift */; };
		B366DBE2234D282000563D74 /* UIImageViewX.swift in Sources */ = {isa = PBXBuildFile; fileRef = B366DBDE234D282000563D74 /* UIImageViewX.swift */; };
		B366DBE3234D282000563D74 /* UIViewX.swift in Sources */ = {isa = PBXBuildFile; fileRef = B366DBDF234D282000563D74 /* UIViewX.swift */; };
		B366DBE6234D2FF700563D74 /* bmw1.jpeg in Resources */ = {isa = PBXBuildFile; fileRef = B366DBE5234D2FF600563D74 /* bmw1.jpeg */; };
		B366DBE8234D317100563D74 /* bmw2.jpeg in Resources */ = {isa = PBXBuildFile; fileRef = B366DBE7234D317100563D74 /* bmw2.jpeg */; };
		B366DBEA234D317900563D74 /* bmw3.jpeg in Resources */ = {isa = PBXBuildFile; fileRef = B366DBE9234D317900563D74 /* bmw3.jpeg */; };
		B3854FBA234E7AEB00007D70 /* TrunkMateLogo_NoBG.png in Resources */ = {isa = PBXBuildFile; fileRef = B3854FB9234E7AEB00007D70 /* TrunkMateLogo_NoBG.png */; };
		B3854FBE234E7D1C00007D70 /* HomeVC.swift in Sources */ = {isa = PBXBuildFile; fileRef = B3854FBD234E7D1C00007D70 /* HomeVC.swift */; };
		B3854FC0234E846B00007D70 /* CarPickerVC.swift in Sources */ = {isa = PBXBuildFile; fileRef = B3854FBF234E846B00007D70 /* CarPickerVC.swift */; };
		B3854FC2234E8AE300007D70 /* SeriesCVCell.swift in Sources */ = {isa = PBXBuildFile; fileRef = B3854FC1234E8AE300007D70 /* SeriesCVCell.swift */; };
		B3854FC4234E8BD200007D70 /* DataModels.swift in Sources */ = {isa = PBXBuildFile; fileRef = B3854FC3234E8BD200007D70 /* DataModels.swift */; };
		B3A7751F234EBA5100729A33 /* ModelTVCell.swift in Sources */ = {isa = PBXBuildFile; fileRef = B3A7751E234EBA5100729A33 /* ModelTVCell.swift */; };
/* End PBXBuildFile section */

/* Begin PBXFileReference section */
		B35438272350EFF900D3BB47 /* FocusSquare.swift */ = {isa = PBXFileReference; lastKnownFileType = sourcecode.swift; path = FocusSquare.swift; sourceTree = "<group>"; };
		B35438292350F07700D3BB47 /* FocusSquareSegment.swift */ = {isa = PBXFileReference; lastKnownFileType = sourcecode.swift; path = FocusSquareSegment.swift; sourceTree = "<group>"; };
		B366DBC4234D257B00563D74 /* Trunk Mate.app */ = {isa = PBXFileReference; explicitFileType = wrapper.application; includeInIndex = 0; path = "Trunk Mate.app"; sourceTree = BUILT_PRODUCTS_DIR; };
		B366DBC7234D257B00563D74 /* AppDelegate.swift */ = {isa = PBXFileReference; lastKnownFileType = sourcecode.swift; path = AppDelegate.swift; sourceTree = "<group>"; };
		B366DBC9234D257B00563D74 /* art.scnassets */ = {isa = PBXFileReference; lastKnownFileType = wrapper.scnassets; path = art.scnassets; sourceTree = "<group>"; };
		B366DBCB234D257B00563D74 /* ARViewController.swift */ = {isa = PBXFileReference; lastKnownFileType = sourcecode.swift; path = ARViewController.swift; sourceTree = "<group>"; };
		B366DBCE234D257B00563D74 /* Base */ = {isa = PBXFileReference; lastKnownFileType = file.storyboard; name = Base; path = Base.lproj/Main.storyboard; sourceTree = "<group>"; };
		B366DBD0234D257C00563D74 /* Assets.xcassets */ = {isa = PBXFileReference; lastKnownFileType = folder.assetcatalog; path = Assets.xcassets; sourceTree = "<group>"; };
		B366DBD3234D257C00563D74 /* Base */ = {isa = PBXFileReference; lastKnownFileType = file.storyboard; name = Base; path = Base.lproj/LaunchScreen.storyboard; sourceTree = "<group>"; };
		B366DBD5234D257C00563D74 /* Info.plist */ = {isa = PBXFileReference; lastKnownFileType = text.plist.xml; path = Info.plist; sourceTree = "<group>"; };
		B366DBDC234D282000563D74 /* UIButtonX.swift */ = {isa = PBXFileReference; fileEncoding = 4; lastKnownFileType = sourcecode.swift; path = UIButtonX.swift; sourceTree = "<group>"; };
		B366DBDD234D282000563D74 /* UILabelX.swift */ = {isa = PBXFileReference; fileEncoding = 4; lastKnownFileType = sourcecode.swift; path = UILabelX.swift; sourceTree = "<group>"; };
		B366DBDE234D282000563D74 /* UIImageViewX.swift */ = {isa = PBXFileReference; fileEncoding = 4; lastKnownFileType = sourcecode.swift; path = UIImageViewX.swift; sourceTree = "<group>"; };
		B366DBDF234D282000563D74 /* UIViewX.swift */ = {isa = PBXFileReference; fileEncoding = 4; lastKnownFileType = sourcecode.swift; path = UIViewX.swift; sourceTree = "<group>"; };
		B366DBE5234D2FF600563D74 /* bmw1.jpeg */ = {isa = PBXFileReference; lastKnownFileType = image.jpeg; path = bmw1.jpeg; sourceTree = "<group>"; };
		B366DBE7234D317100563D74 /* bmw2.jpeg */ = {isa = PBXFileReference; lastKnownFileType = image.jpeg; path = bmw2.jpeg; sourceTree = "<group>"; };
		B366DBE9234D317900563D74 /* bmw3.jpeg */ = {isa = PBXFileReference; lastKnownFileType = image.jpeg; path = bmw3.jpeg; sourceTree = "<group>"; };
		B3854FB9234E7AEB00007D70 /* TrunkMateLogo_NoBG.png */ = {isa = PBXFileReference; lastKnownFileType = image.png; path = TrunkMateLogo_NoBG.png; sourceTree = "<group>"; };
		B3854FBD234E7D1C00007D70 /* HomeVC.swift */ = {isa = PBXFileReference; lastKnownFileType = sourcecode.swift; path = HomeVC.swift; sourceTree = "<group>"; };
		B3854FBF234E846B00007D70 /* CarPickerVC.swift */ = {isa = PBXFileReference; lastKnownFileType = sourcecode.swift; path = CarPickerVC.swift; sourceTree = "<group>"; };
		B3854FC1234E8AE300007D70 /* SeriesCVCell.swift */ = {isa = PBXFileReference; lastKnownFileType = sourcecode.swift; path = SeriesCVCell.swift; sourceTree = "<group>"; };
		B3854FC3234E8BD200007D70 /* DataModels.swift */ = {isa = PBXFileReference; lastKnownFileType = sourcecode.swift; path = DataModels.swift; sourceTree = "<group>"; };
		B3A7751E234EBA5100729A33 /* ModelTVCell.swift */ = {isa = PBXFileReference; lastKnownFileType = sourcecode.swift; path = ModelTVCell.swift; sourceTree = "<group>"; };
/* End PBXFileReference section */

/* Begin PBXFrameworksBuildPhase section */
		B366DBC1234D257B00563D74 /* Frameworks */ = {
			isa = PBXFrameworksBuildPhase;
			buildActionMask = 2147483647;
			files = (
			);
			runOnlyForDeploymentPostprocessing = 0;
		};
/* End PBXFrameworksBuildPhase section */

/* Begin PBXGroup section */
		B35438262350EFC800D3BB47 /* FocusSquare */ = {
			isa = PBXGroup;
			children = (
				B35438272350EFF900D3BB47 /* FocusSquare.swift */,
				B35438292350F07700D3BB47 /* FocusSquareSegment.swift */,
			);
			path = FocusSquare;
			sourceTree = "<group>";
		};
		B366DBBB234D257B00563D74 = {
			isa = PBXGroup;
			children = (
				B366DBC6234D257B00563D74 /* TrunkFit */,
				B366DBC5234D257B00563D74 /* Products */,
			);
			sourceTree = "<group>";
		};
		B366DBC5234D257B00563D74 /* Products */ = {
			isa = PBXGroup;
			children = (
				B366DBC4234D257B00563D74 /* Trunk Mate.app */,
			);
			name = Products;
			sourceTree = "<group>";
		};
		B366DBC6234D257B00563D74 /* TrunkFit */ = {
			isa = PBXGroup;
			children = (
				B366DBC7234D257B00563D74 /* AppDelegate.swift */,
				B366DBC9234D257B00563D74 /* art.scnassets */,
				B3A77523234EBAB800729A33 /* TableCells */,
				B3A77521234EBA6100729A33 /* CollectionCells */,
				B3A77520234EBA5A00729A33 /* Controllers */,
				B3854FC3234E8BD200007D70 /* DataModels.swift */,
				B35438262350EFC800D3BB47 /* FocusSquare */,
				B366DBE4234D2FD700563D74 /* CarImages */,
				B366DBDB234D282000563D74 /* Designables */,
				B366DBCD234D257B00563D74 /* Main.storyboard */,
				B366DBD0234D257C00563D74 /* Assets.xcassets */,
				B366DBD2234D257C00563D74 /* LaunchScreen.storyboard */,
				B366DBD5234D257C00563D74 /* Info.plist */,
			);
			path = TrunkFit;
			sourceTree = "<group>";
		};
		B366DBDB234D282000563D74 /* Designables */ = {
			isa = PBXGroup;
			children = (
				B366DBDD234D282000563D74 /* UILabelX.swift */,
				B366DBDC234D282000563D74 /* UIButtonX.swift */,
				B366DBDE234D282000563D74 /* UIImageViewX.swift */,
				B366DBDF234D282000563D74 /* UIViewX.swift */,
			);
			path = Designables;
			sourceTree = "<group>";
		};
		B366DBE4234D2FD700563D74 /* CarImages */ = {
			isa = PBXGroup;
			children = (
				B366DBE5234D2FF600563D74 /* bmw1.jpeg */,
				B366DBE7234D317100563D74 /* bmw2.jpeg */,
				B366DBE9234D317900563D74 /* bmw3.jpeg */,
				B3854FB9234E7AEB00007D70 /* TrunkMateLogo_NoBG.png */,
			);
			path = CarImages;
			sourceTree = "<group>";
		};
		B3A77520234EBA5A00729A33 /* Controllers */ = {
			isa = PBXGroup;
			children = (
				B366DBCB234D257B00563D74 /* ARViewController.swift */,
				B3854FBF234E846B00007D70 /* CarPickerVC.swift */,
				B3854FBD234E7D1C00007D70 /* HomeVC.swift */,
			);
			path = Controllers;
			sourceTree = "<group>";
		};
		B3A77521234EBA6100729A33 /* CollectionCells */ = {
			isa = PBXGroup;
			children = (
				B3854FC1234E8AE300007D70 /* SeriesCVCell.swift */,
			);
			path = CollectionCells;
			sourceTree = "<group>";
		};
		B3A77523234EBAB800729A33 /* TableCells */ = {
			isa = PBXGroup;
			children = (
				B3A7751E234EBA5100729A33 /* ModelTVCell.swift */,
			);
			path = TableCells;
			sourceTree = "<group>";
		};
/* End PBXGroup section */

/* Begin PBXNativeTarget section */
		B366DBC3234D257B00563D74 /* TrunkFit */ = {
			isa = PBXNativeTarget;
			buildConfigurationList = B366DBD8234D257C00563D74 /* Build configuration list for PBXNativeTarget "TrunkFit" */;
			buildPhases = (
				B366DBC0234D257B00563D74 /* Sources */,
				B366DBC1234D257B00563D74 /* Frameworks */,
				B366DBC2234D257B00563D74 /* Resources */,
			);
			buildRules = (
			);
			dependencies = (
			);
			name = TrunkFit;
			productName = TrunkFit;
			productReference = B366DBC4234D257B00563D74 /* Trunk Mate.app */;
			productType = "com.apple.product-type.application";
		};
/* End PBXNativeTarget section */

/* Begin PBXProject section */
		B366DBBC234D257B00563D74 /* Project object */ = {
			isa = PBXProject;
			attributes = {
				LastSwiftUpdateCheck = 1120;
				LastUpgradeCheck = 1120;
				ORGANIZATIONNAME = personal;
				TargetAttributes = {
					B366DBC3234D257B00563D74 = {
						CreatedOnToolsVersion = 11.2;
					};
				};
			};
			buildConfigurationList = B366DBBF234D257B00563D74 /* Build configuration list for PBXProject "TrunkFit" */;
			compatibilityVersion = "Xcode 9.3";
			developmentRegion = en;
			hasScannedForEncodings = 0;
			knownRegions = (
				en,
				Base,
			);
			mainGroup = B366DBBB234D257B00563D74;
			productRefGroup = B366DBC5234D257B00563D74 /* Products */;
			projectDirPath = "";
			projectRoot = "";
			targets = (
				B366DBC3234D257B00563D74 /* TrunkFit */,
			);
		};
/* End PBXProject section */

/* Begin PBXResourcesBuildPhase section */
		B366DBC2234D257B00563D74 /* Resources */ = {
			isa = PBXResourcesBuildPhase;
			buildActionMask = 2147483647;
			files = (
				B366DBCA234D257B00563D74 /* art.scnassets in Resources */,
				B366DBD4234D257C00563D74 /* LaunchScreen.storyboard in Resources */,
				B3854FBA234E7AEB00007D70 /* TrunkMateLogo_NoBG.png in Resources */,
				B366DBE6234D2FF700563D74 /* bmw1.jpeg in Resources */,
				B366DBEA234D317900563D74 /* bmw3.jpeg in Resources */,
				B366DBE8234D317100563D74 /* bmw2.jpeg in Resources */,
				B366DBD1234D257C00563D74 /* Assets.xcassets in Resources */,
				B366DBCF234D257B00563D74 /* Main.storyboard in Resources */,
			);
			runOnlyForDeploymentPostprocessing = 0;
		};
/* End PBXResourcesBuildPhase section */

/* Begin PBXSourcesBuildPhase section */
		B366DBC0234D257B00563D74 /* Sources */ = {
			isa = PBXSourcesBuildPhase;
			buildActionMask = 2147483647;
			files = (
				B366DBCC234D257B00563D74 /* ARViewController.swift in Sources */,
				B3854FC0234E846B00007D70 /* CarPickerVC.swift in Sources */,
				B3854FBE234E7D1C00007D70 /* HomeVC.swift in Sources */,
				B3A7751F234EBA5100729A33 /* ModelTVCell.swift in Sources */,
				B3854FC2234E8AE300007D70 /* SeriesCVCell.swift in Sources */,
				B354382A2350F07700D3BB47 /* FocusSquareSegment.swift in Sources */,
				B366DBE2234D282000563D74 /* UIImageViewX.swift in Sources */,
				B366DBC8234D257B00563D74 /* AppDelegate.swift in Sources */,
				B366DBE0234D282000563D74 /* UIButtonX.swift in Sources */,
				B35438282350EFF900D3BB47 /* FocusSquare.swift in Sources */,
				B3854FC4234E8BD200007D70 /* DataModels.swift in Sources */,
				B366DBE1234D282000563D74 /* UILabelX.swift in Sources */,
				B366DBE3234D282000563D74 /* UIViewX.swift in Sources */,
			);
			runOnlyForDeploymentPostprocessing = 0;
		};
/* End PBXSourcesBuildPhase section */

/* Begin PBXVariantGroup section */
		B366DBCD234D257B00563D74 /* Main.storyboard */ = {
			isa = PBXVariantGroup;
			children = (
				B366DBCE234D257B00563D74 /* Base */,
			);
			name = Main.storyboard;
			sourceTree = "<group>";
		};
		B366DBD2234D257C00563D74 /* LaunchScreen.storyboard */ = {
			isa = PBXVariantGroup;
			children = (
				B366DBD3234D257C00563D74 /* Base */,
			);
			name = LaunchScreen.storyboard;
			sourceTree = "<group>";
		};
/* End PBXVariantGroup section */

/* Begin XCBuildConfiguration section */
		B366DBD6234D257C00563D74 /* Debug */ = {
			isa = XCBuildConfiguration;
			buildSettings = {
				ALWAYS_SEARCH_USER_PATHS = NO;
				CLANG_ANALYZER_NONNULL = YES;
				CLANG_ANALYZER_NUMBER_OBJECT_CONVERSION = YES_AGGRESSIVE;
				CLANG_CXX_LANGUAGE_STANDARD = "gnu++14";
				CLANG_CXX_LIBRARY = "libc++";
				CLANG_ENABLE_MODULES = YES;
				CLANG_ENABLE_OBJC_ARC = YES;
				CLANG_ENABLE_OBJC_WEAK = YES;
				CLANG_WARN_BLOCK_CAPTURE_AUTORELEASING = YES;
				CLANG_WARN_BOOL_CONVERSION = YES;
				CLANG_WARN_COMMA = YES;
				CLANG_WARN_CONSTANT_CONVERSION = YES;
				CLANG_WARN_DEPRECATED_OBJC_IMPLEMENTATIONS = YES;
				CLANG_WARN_DIRECT_OBJC_ISA_USAGE = YES_ERROR;
				CLANG_WARN_DOCUMENTATION_COMMENTS = YES;
				CLANG_WARN_EMPTY_BODY = YES;
				CLANG_WARN_ENUM_CONVERSION = YES;
				CLANG_WARN_INFINITE_RECURSION = YES;
				CLANG_WARN_INT_CONVERSION = YES;
				CLANG_WARN_NON_LITERAL_NULL_CONVERSION = YES;
				CLANG_WARN_OBJC_IMPLICIT_RETAIN_SELF = YES;
				CLANG_WARN_OBJC_LITERAL_CONVERSION = YES;
				CLANG_WARN_OBJC_ROOT_CLASS = YES_ERROR;
				CLANG_WARN_RANGE_LOOP_ANALYSIS = YES;
				CLANG_WARN_STRICT_PROTOTYPES = YES;
				CLANG_WARN_SUSPICIOUS_MOVE = YES;
				CLANG_WARN_UNGUARDED_AVAILABILITY = YES_AGGRESSIVE;
				CLANG_WARN_UNREACHABLE_CODE = YES;
				CLANG_WARN__DUPLICATE_METHOD_MATCH = YES;
				COPY_PHASE_STRIP = NO;
				DEBUG_INFORMATION_FORMAT = dwarf;
				ENABLE_STRICT_OBJC_MSGSEND = YES;
				ENABLE_TESTABILITY = YES;
				GCC_C_LANGUAGE_STANDARD = gnu11;
				GCC_DYNAMIC_NO_PIC = NO;
				GCC_NO_COMMON_BLOCKS = YES;
				GCC_OPTIMIZATION_LEVEL = 0;
				GCC_PREPROCESSOR_DEFINITIONS = (
					"DEBUG=1",
					"$(inherited)",
				);
				GCC_WARN_64_TO_32_BIT_CONVERSION = YES;
				GCC_WARN_ABOUT_RETURN_TYPE = YES_ERROR;
				GCC_WARN_UNDECLARED_SELECTOR = YES;
				GCC_WARN_UNINITIALIZED_AUTOS = YES_AGGRESSIVE;
				GCC_WARN_UNUSED_FUNCTION = YES;
				GCC_WARN_UNUSED_VARIABLE = YES;
				IPHONEOS_DEPLOYMENT_TARGET = 13.2;
				MTL_ENABLE_DEBUG_INFO = INCLUDE_SOURCE;
				MTL_FAST_MATH = YES;
				ONLY_ACTIVE_ARCH = YES;
				SDKROOT = iphoneos;
				SWIFT_ACTIVE_COMPILATION_CONDITIONS = DEBUG;
				SWIFT_OPTIMIZATION_LEVEL = "-Onone";
			};
			name = Debug;
		};
		B366DBD7234D257C00563D74 /* Release */ = {
			isa = XCBuildConfiguration;
			buildSettings = {
				ALWAYS_SEARCH_USER_PATHS = NO;
				CLANG_ANALYZER_NONNULL = YES;
				CLANG_ANALYZER_NUMBER_OBJECT_CONVERSION = YES_AGGRESSIVE;
				CLANG_CXX_LANGUAGE_STANDARD = "gnu++14";
				CLANG_CXX_LIBRARY = "libc++";
				CLANG_ENABLE_MODULES = YES;
				CLANG_ENABLE_OBJC_ARC = YES;
				CLANG_ENABLE_OBJC_WEAK = YES;
				CLANG_WARN_BLOCK_CAPTURE_AUTORELEASING = YES;
				CLANG_WARN_BOOL_CONVERSION = YES;
				CLANG_WARN_COMMA = YES;
				CLANG_WARN_CONSTANT_CONVERSION = YES;
				CLANG_WARN_DEPRECATED_OBJC_IMPLEMENTATIONS = YES;
				CLANG_WARN_DIRECT_OBJC_ISA_USAGE = YES_ERROR;
				CLANG_WARN_DOCUMENTATION_COMMENTS = YES;
				CLANG_WARN_EMPTY_BODY = YES;
				CLANG_WARN_ENUM_CONVERSION = YES;
				CLANG_WARN_INFINITE_RECURSION = YES;
				CLANG_WARN_INT_CONVERSION = YES;
				CLANG_WARN_NON_LITERAL_NULL_CONVERSION = YES;
				CLANG_WARN_OBJC_IMPLICIT_RETAIN_SELF = YES;
				CLANG_WARN_OBJC_LITERAL_CONVERSION = YES;
				CLANG_WARN_OBJC_ROOT_CLASS = YES_ERROR;
				CLANG_WARN_RANGE_LOOP_ANALYSIS = YES;
				CLANG_WARN_STRICT_PROTOTYPES = YES;
				CLANG_WARN_SUSPICIOUS_MOVE = YES;
				CLANG_WARN_UNGUARDED_AVAILABILITY = YES_AGGRESSIVE;
				CLANG_WARN_UNREACHABLE_CODE = YES;
				CLANG_WARN__DUPLICATE_METHOD_MATCH = YES;
				COPY_PHASE_STRIP = NO;
				DEBUG_INFORMATION_FORMAT = "dwarf-with-dsym";
				ENABLE_NS_ASSERTIONS = NO;
				ENABLE_STRICT_OBJC_MSGSEND = YES;
				GCC_C_LANGUAGE_STANDARD = gnu11;
				GCC_NO_COMMON_BLOCKS = YES;
				GCC_WARN_64_TO_32_BIT_CONVERSION = YES;
				GCC_WARN_ABOUT_RETURN_TYPE = YES_ERROR;
				GCC_WARN_UNDECLARED_SELECTOR = YES;
				GCC_WARN_UNINITIALIZED_AUTOS = YES_AGGRESSIVE;
				GCC_WARN_UNUSED_FUNCTION = YES;
				GCC_WARN_UNUSED_VARIABLE = YES;
				IPHONEOS_DEPLOYMENT_TARGET = 13.2;
				MTL_ENABLE_DEBUG_INFO = NO;
				MTL_FAST_MATH = YES;
				SDKROOT = iphoneos;
				SWIFT_COMPILATION_MODE = wholemodule;
				SWIFT_OPTIMIZATION_LEVEL = "-O";
				VALIDATE_PRODUCT = YES;
			};
			name = Release;
		};
		B366DBD9234D257C00563D74 /* Debug */ = {
			isa = XCBuildConfiguration;
			buildSettings = {
				ASSETCATALOG_COMPILER_APPICON_NAME = AppIcon;
				CODE_SIGN_STYLE = Automatic;
				DEVELOPMENT_TEAM = 37NWD4XUMT;
				INFOPLIST_FILE = TrunkFit/Info.plist;
				IPHONEOS_DEPLOYMENT_TARGET = 13.0;
				LD_RUNPATH_SEARCH_PATHS = (
					"$(inherited)",
					"@executable_path/Frameworks",
				);
				PRODUCT_BUNDLE_IDENTIFIER = com.personal.TrunkFit;
				PRODUCT_NAME = "Trunk Mate";
				SWIFT_VERSION = 5.0;
				TARGETED_DEVICE_FAMILY = 1;
			};
			name = Debug;
		};
		B366DBDA234D257C00563D74 /* Release */ = {
			isa = XCBuildConfiguration;
			buildSettings = {
				ASSETCATALOG_COMPILER_APPICON_NAME = AppIcon;
				CODE_SIGN_STYLE = Automatic;
				DEVELOPMENT_TEAM = 37NWD4XUMT;
				INFOPLIST_FILE = TrunkFit/Info.plist;
				IPHONEOS_DEPLOYMENT_TARGET = 13.0;
				LD_RUNPATH_SEARCH_PATHS = (
					"$(inherited)",
					"@executable_path/Frameworks",
				);
				PRODUCT_BUNDLE_IDENTIFIER = com.personal.TrunkFit;
				PRODUCT_NAME = "Trunk Mate";
				SWIFT_VERSION = 5.0;
				TARGETED_DEVICE_FAMILY = 1;
			};
			name = Release;
		};
/* End XCBuildConfiguration section */

/* Begin XCConfigurationList section */
		B366DBBF234D257B00563D74 /* Build configuration list for PBXProject "TrunkFit" */ = {
			isa = XCConfigurationList;
			buildConfigurations = (
				B366DBD6234D257C00563D74 /* Debug */,
				B366DBD7234D257C00563D74 /* Release */,
			);
			defaultConfigurationIsVisible = 0;
			defaultConfigurationName = Release;
		};
		B366DBD8234D257C00563D74 /* Build configuration list for PBXNativeTarget "TrunkFit" */ = {
			isa = XCConfigurationList;
			buildConfigurations = (
				B366DBD9234D257C00563D74 /* Debug */,
				B366DBDA234D257C00563D74 /* Release */,
			);
			defaultConfigurationIsVisible = 0;
			defaultConfigurationName = Release;
		};
/* End XCConfigurationList section */
	};
	rootObject = B366DBBC234D257B00563D74 /* Project object */;
}
